
Microsoft Visual Studio Solution File, Format Version 12.00
Project("{FAE04EC0-301F-11D3-BF4B-00C04F79EFBC}") = "CancellationInDapper", "CancellationInDapper\CancellationInDapper.csproj", "{B0EAD2F2-23C7-45F7-A79D-CCFD0EA8A1BA}"
EndProject
Global
	GlobalSection(SolutionConfigurationPlatforms) = preSolution
		Debug|Any CPU = Debug|Any CPU
		Release|Any CPU = Release|Any CPU
	EndGlobalSection
	GlobalSection(ProjectConfigurationPlatforms) = postSolution
		{B0EAD2F2-23C7-45F7-A79D-CCFD0EA8A1BA}.Debug|Any CPU.ActiveCfg = Debug|Any CPU
		{B0EAD2F2-23C7-45F7-A79D-CCFD0EA8A1BA}.Debug|Any CPU.Build.0 = Debug|Any CPU
		{B0EAD2F2-23C7-45F7-A79D-CCFD0EA8A1BA}.Release|Any CPU.ActiveCfg = Release|Any CPU
		{B0EAD2F2-23C7-45F7-A79D-CCFD0EA8A1BA}.Release|Any CPU.Build.0 = Release|Any CPU
	EndGlobalSection
EndGlobal
